
Microsoft Visual Studio Solution File, Format Version 12.00
# Visual Studio Version 17
VisualStudioVersion = 17.7.34031.279
MinimumVisualStudioVersion = 10.0.40219.1
Project("{9A19103F-16F7-4668-BE54-9A1E7A4F7556}") = "NSubstituteDemoes", "NSubstituteDemoes\NSubstituteDemoes.csproj", "{9CAB54B2-1F59-4D8E-9516-163A4710D789}"
EndProject
Project("{FAE04EC0-301F-11D3-BF4B-00C04F79EFBC}") = "NSubstituteDemoes.Tests", "NSubstituteDemoes.Tests\NSubstituteDemoes.Tests.csproj", "{207F4CD7-9F59-4435-9D19-A8F96B645F83}"
EndProject
Global
	GlobalSection(SolutionConfigurationPlatforms) = preSolution
		Debug|Any CPU = Debug|Any CPU
		Release|Any CPU = Release|Any CPU
	EndGlobalSection
	GlobalSection(ProjectConfigurationPlatforms) = postSolution
		{9CAB54B2-1F59-4D8E-9516-163A4710D789}.Debug|Any CPU.ActiveCfg = Debug|Any CPU
		{9CAB54B2-1F59-4D8E-9516-163A4710D789}.Debug|Any CPU.Build.0 = Debug|Any CPU
		{9CAB54B2-1F59-4D8E-9516-163A4710D789}.Release|Any CPU.ActiveCfg = Release|Any CPU
		{9CAB54B2-1F59-4D8E-9516-163A4710D789}.Release|Any CPU.Build.0 = Release|Any CPU
		{207F4CD7-9F59-4435-9D19-A8F96B645F83}.Debug|Any CPU.ActiveCfg = Debug|Any CPU
		{207F4CD7-9F59-4435-9D19-A8F96B645F83}.Debug|Any CPU.Build.0 = Debug|Any CPU
		{207F4CD7-9F59-4435-9D19-A8F96B645F83}.Release|Any CPU.ActiveCfg = Release|Any CPU
		{207F4CD7-9F59-4435-9D19-A8F96B645F83}.Release|Any CPU.Build.0 = Release|Any CPU
	EndGlobalSection
	GlobalSection(SolutionProperties) = preSolution
		HideSolutionNode = FALSE
	EndGlobalSection
	GlobalSection(ExtensibilityGlobals) = postSolution
		SolutionGuid = {C91F1BB9-B0E7-4989-8D23-6C14C656BA89}
	EndGlobalSection
EndGlobal
